{
    "_meta": {
        "hash": {
            "sha256": "b181e44f5cd8f3f1c4539b99f7836f05952d4c23e9b959b13585c634c6b13146"
        },
        "pipfile-spec": 6,
        "requires": {
            "python_version": "2.7"
        },
        "sources": [
            {
                "name": "pypi",
                "url": "https://pypi.org/simple",
                "verify_ssl": true
            }
        ]
    },
    "default": {
        "enum34": {
            "hashes": [
                "sha256:2d81cbbe0e73112bdfe6ef8576f2238f2ba27dd0d55752a776c41d38b7da2850",
                "sha256:644837f692e5f550741432dd3f223bbb9852018674981b1664e5dc339387588a",
                "sha256:6bd0f6ad48ec2aa117d3d141940d484deccda84d4fcd884f5c3d93c23ecd8c79",
                "sha256:8ad8c4783bf61ded74527bffb48ed9b54166685e4230386a9ed9b1279e2df5b1"
            ],
            "version": "==1.1.6"
        },
        "fastparquet": {
            "hashes": [
                "sha256:5e35a0aefc8db775397c503b7c2373892c8bc9136d5804d2699a5a68616d7ca0"
            ],
            "index": "pypi",
            "version": "==0.2.1"
        },
        "funcsigs": {
            "hashes": [
                "sha256:330cc27ccbf7f1e992e69fef78261dc7c6569012cf397db8d3de0234e6c937ca",
                "sha256:a7bb0f2cf3a3fd1ab2732cb49eba4252c2af4240442415b4abce3b87022a8f50"
            ],
            "version": "==1.0.2"
        },
        "llvmlite": {
            "hashes": [
                "sha256:137817894dfc702c3f6fa17eef75a1fb004ce9a31b689671084c36ddba59920b",
                "sha256:4cbe079cb1eeaf4c90e1b75b2ef314ebb0ea5b4c420298e96065eafa3a0d0b0e",
                "sha256:727dad5c43c6dfda2781b47ad2f1af3e25a24c4265645d733b70aac01526d8c7",
                "sha256:7d05fca7ba5f5bf6d0ccefc99a10c54e0d5cc80d7b8003496372abc0f65be468",
                "sha256:a211eea04c5bd1c6d81a3a3b902686c379cdfc2d690b36c2ff42e8254755a0db",
                "sha256:b5bab3a2fc754c6b8d8a550061299a8bc119dc0febf713a2f1f38fe50d670115",
                "sha256:cd72c789d38e6cef8145a97a65e1f6eeecb4aab4c85a886015b630c8f7e7543d",
                "sha256:ceed23df15ec814f9bd4ddbd8a8f9d7acb986fb571f7f034ec1f7f6cbed16cde",
                "sha256:e6194d74bdac3fd1454384f4922abb3c1afe209e15c607ed84b8bc60c35a7a4a"
            ],
            "version": "==0.27.1"
        },
        "numba": {
            "hashes": [
                "sha256:08715287971fffe967b5f077bfbfd46c45fe733ada206541a132d44f7b2fef99",
                "sha256:089c3f8f789f4cf42caaa881cfcc8a5dacb422498b85b5a9a9d3c0c9e342678d",
                "sha256:24729161282dd3b2412b41399523f6f5d118413e670cc22a00a1b3d303046b9a",
                "sha256:33216e57ff9085d2c4a518b5659c5f3bf4d234ce9f4843347b682cf8f33b6c8c",
                "sha256:91a608bc798f967523098b97deb6fe7dc96a8e0f506e237edfec643666a9e62a",
                "sha256:a167a2eb6d3b5b188e22ed1c60fd7cd4755564d935839549b67fa17be223946d",
                "sha256:ada6fcc3bec8e4dba09d5c5bd7f8d7c161411fe4b7062ee10cead25ece82597c",
                "sha256:adbf394f5583b3d970412ea0ea04ea5d517361da0248c8b188085db41468930a",
                "sha256:d918b2adbb99b7fced9a64b1d07384223f7b171ede5635a190ae5d19cca7b143",
                "sha256:e7af2164a6482b43faaeddff08688c775cd07eb06f4c4cb076be559885ca6e7e"
            ],
            "version": "==0.42.1"
        },
        "numpy": {
            "hashes": [
                "sha256:1980f8d84548d74921685f68096911585fee393975f53797614b34d4f409b6da",
                "sha256:22752cd809272671b273bb86df0f505f505a12368a3a5fc0aa811c7ece4dfd5c",
                "sha256:23cc40313036cffd5d1873ef3ce2e949bdee0646c5d6f375bf7ee4f368db2511",
                "sha256:2b0b118ff547fecabc247a2668f48f48b3b1f7d63676ebc5be7352a5fd9e85a5",
                "sha256:3a0bd1edf64f6a911427b608a894111f9fcdb25284f724016f34a84c9a3a6ea9",
                "sha256:3f25f6c7b0d000017e5ac55977a3999b0b1a74491eacb3c1aa716f0e01f6dcd1",
                "sha256:4061c79ac2230594a7419151028e808239450e676c39e58302ad296232e3c2e8",
                "sha256:560ceaa24f971ab37dede7ba030fc5d8fa173305d94365f814d9523ffd5d5916",
                "sha256:62be044cd58da2a947b7e7b2252a10b42920df9520fc3d39f5c4c70d5460b8ba",
                "sha256:6c692e3879dde0b67a9dc78f9bfb6f61c666b4562fd8619632d7043fb5b691b0",
                "sha256:6f65e37b5a331df950ef6ff03bd4136b3c0bbcf44d4b8e99135d68a537711b5a",
                "sha256:7a78cc4ddb253a55971115f8320a7ce28fd23a065fc33166d601f51760eecfa9",
                "sha256:80a41edf64a3626e729a62df7dd278474fc1726836552b67a8c6396fd7e86760",
                "sha256:893f4d75255f25a7b8516feb5766c6b63c54780323b9bd4bc51cdd7efc943c73",
                "sha256:972ea92f9c1b54cc1c1a3d8508e326c0114aaf0f34996772a30f3f52b73b942f",
                "sha256:9f1d4865436f794accdabadc57a8395bd3faa755449b4f65b88b7df65ae05f89",
                "sha256:9f4cd7832b35e736b739be03b55875706c8c3e5fe334a06210f1a61e5c2c8ca5",
                "sha256:adab43bf657488300d3aeeb8030d7f024fcc86e3a9b8848741ea2ea903e56610",
                "sha256:bd2834d496ba9b1bdda3a6cf3de4dc0d4a0e7be306335940402ec95132ad063d",
                "sha256:d20c0360940f30003a23c0adae2fe50a0a04f3e48dc05c298493b51fd6280197",
                "sha256:d3b3ed87061d2314ff3659bb73896e622252da52558f2380f12c421fbdee3d89",
                "sha256:dc235bf29a406dfda5790d01b998a1c01d7d37f449128c0b1b7d1c89a84fae8b",
                "sha256:fb3c83554f39f48f3fa3123b9c24aecf681b1c289f9334f8215c1d3c8e2f6e5b"
            ],
            "version": "==1.16.2"
        },
        "pandas": {
            "hashes": [
                "sha256:02541a4fdd31315f213a5c8e18708abad719ee03eda05f603c4fe973e9b9d770",
                "sha256:052a66f58783a59ea38fdfee25de083b107baa81fdbe38fabd169d0f9efce2bf",
                "sha256:06efae5c00b9f4c6e6d3fe1eb52e590ff0ea8e5cb58032c724e04d31c540de53",
                "sha256:12f2a19d0b0adf31170d98d0e8bcbc59add0965a9b0c65d39e0665400491c0c5",
                "sha256:244ae0b9e998cfa88452a49b20e29bf582cc7c0e69093876d505aec4f8e1c7fe",
                "sha256:2907f3fe91ca2119ac3c38de6891bbbc83333bfe0d98309768fee28de563ee7a",
                "sha256:44a94091dd71f05922eec661638ec1a35f26d573c119aa2fad964f10a2880e6c",
                "sha256:587a9816cc663c958fcff7907c553b73fe196604f990bc98e1b71ebf07e45b44",
                "sha256:66403162c8b45325a995493bdd78ad4d8be085e527d721dbfa773d56fbba9c88",
                "sha256:68ac484e857dcbbd07ea7c6f516cc67f7f143f5313d9bc661470e7f473528882",
                "sha256:68b121d13177f5128a4c118bb4f73ba40df28292c038389961aa55ea5a996427",
                "sha256:97c8223d42d43d86ca359a57b4702ca0529c6553e83d736e93a5699951f0f8db",
                "sha256:af0dbac881f6f87acd325415adea0ce8cccf28f5d4ad7a54b6a1e176e2f7bf70",
                "sha256:c2cd884794924687edbaad40d18ac984054d247bb877890932c4d41e3c3aba31",
                "sha256:c372db80a5bcb143c9cb254d50f902772c3b093a4f965275197ec2d2184b1e61"
            ],
            "index": "pypi",
            "version": "==0.22.0"
        },
        "pygame": {
            "hashes": [
                "sha256:06dc92ccfea33b85f209db3d49f99a2a30c88fe9fb80fa2564cee443ece787b5",
                "sha256:0919a2ec5fcb0d00518c2a5fa99858ccf22d7fbcc0e12818b317062d11386984",
                "sha256:0a8c92e700e0042faefa998fa064616f330201890d6ea1c993eb3ff30ab53e99",
                "sha256:220a1048ebb3d11a4d48cc4219ec8f65ca62fcafd255239478677625e8ead2e9",
                "sha256:315861d2b8428f7b4d56d2c98d6c1acc18f08c77af4b129211bc036774f64be2",
                "sha256:3469e87867832fe5226396626a8a6a9dac9b2e21a7819dd8cd96cf0e08bbcd41",
                "sha256:54c19960180626165512d596235d75dc022d38844467cec769a8d8153fd66645",
                "sha256:5ba598736ab9716f53dc943a659a9578f62acfe00c0c9c5490f3aca61d078f75",
                "sha256:60ddc4f361babb30ff2d554132b1f3296490f3149d6c1c77682213563f59937a",
                "sha256:6a49ab8616a9de534f1bf62c98beabf0e0bb0b6ff8917576bba22820bba3fdad",
                "sha256:6d4966eeba652df2fd9a757b3fc5b29b578b47b58f991ad714471661ea2141cb",
                "sha256:700d1781c999af25d11bfd1f3e158ebb660f72ebccb2040ecafe5069d0b2c0b6",
                "sha256:73f4c28e894e76797b8ccaf6eb1205b433efdb803c70f489ebc3db6ac9c097e6",
                "sha256:786eca2bea11abd924f3f67eb2483bcb22acff08f28dbdbf67130abe54b23797",
                "sha256:7bcf586a1c51a735361ca03561979eea3180de45e6165bcdfa12878b752544af",
                "sha256:82a1e93d82c1babceeb278c55012a9f5140e77665d372a6d97ec67786856d254",
                "sha256:9e03589bc80a21ae951fca7659a767b7cac668289937e3756c0ab3d753cf6d24",
                "sha256:aa8926a4e34fb0943abe1a8bb04a0ad82265341bf20064c0862db0a521100dfc",
                "sha256:aa90689b889c417d2ac571ef2bbb5f7e735ae30c7553c60fae7508404f46c101",
                "sha256:c9f8cdefee267a2e690bf17d61a8f5670b620f25a981f24781b034363a8eedc9",
                "sha256:d9177afb2f46103bfc28a51fbc49ce18987a857e5c934db47b4a7030cb30fbd0",
                "sha256:deb0551d4bbfb8131e2463a7fe1943bfcec5beb11acdf9c4bfa27fa5a9758d62",
                "sha256:e7edfe57a5972aa9130ce9a186020a0f097e7a8e4c25e292109bdae1432b77f9",
                "sha256:f0ad32efb9e26160645d62ba6cf3e5a5828dc4e82e8f41f9badfe7b685b07295"
            ],
            "index": "pypi",
            "version": "==1.9.4"
        },
        "pytest-runner": {
            "hashes": [
                "sha256:00ad6cd754ce55b01b868a6d00b77161e4d2006b3918bde882376a0a884d0df4",
                "sha256:e946c7dbdc8c0c2ffa44e7b45450f68e7f08cb133983134fa63a1d1486c2b36b"
            ],
            "version": "==4.4"
        },
        "python-dateutil": {
            "hashes": [
                "sha256:7e6584c74aeed623791615e26efd690f29817a27c73085b78e4bad02493df2fb",
                "sha256:c89805f6f4d64db21ed966fda138f8a5ed7a4fdbc1a8ee329ce1b74e3c74da9e"
            ],
            "version": "==2.8.0"
        },
        "pytz": {
            "hashes": [
                "sha256:32b0891edff07e28efe91284ed9c31e123d84bea3fd98e1f72be2508f43ef8d9",
                "sha256:d5f05e487007e29e03409f9398d074e158d920d36eb82eaf66fb1136b0c5374c"
            ],
            "version": "==2018.9"
        },
        "scikit-learn": {
            "hashes": [
                "sha256:018f470a7e685767d84ce6fac87af59e064e87ec3cea71eaf12646f9538e293d",
                "sha256:0ae00d570331b8a5c552f721167818b4739a5c855fbc76b11231ccdea2dd26ab",
                "sha256:13079520dd8211967d1871e439b59818d335439672818e9683847091d0e07778",
                "sha256:1c133749a526b33af2b6695d94d2cc43ba212c5aa7bd3a45619335556ced7637",
                "sha256:382e7053567b7b11e862782e3de2940e2141be24e6262aa0b4a9cb7fdd61f85a",
                "sha256:384df81fdba12d21063072f2cf472a7a8425a3d4fa3915faef0a88e94e07b332",
                "sha256:4705073de7bbcc6b9cd2f24dc9189aa8d3935e8621d3e65546c4b7fee9a042bf",
                "sha256:4f829d6c09b997e1d0a998f970cf3ff82cd6796d56148c63c29174367878d490",
                "sha256:51a933224b1b11986d4c7c123e5b28eb69602899d0179e6888b7abf2ffc85265",
                "sha256:63ad98c6512b52aebde9bd806ec1127e13e2a8d42a00ebdf805153819f7c2cad",
                "sha256:67e15514c9df4c5354b3ecc89451f5baa0f1b62c7ed68f4d20febf9c9d9e17a6",
                "sha256:75f0e0e93851b30639baabfc1a4433aabc57eef269d55ee4c6f649fb60686218",
                "sha256:89609708e819342dd5c94617fd53a36187d7d6a80435ddb282f6a60b058dbe77",
                "sha256:8ca274d4e91685e4547af718b6f1e9a9d4912c7a6dcb0c68925de84f81a09d2a",
                "sha256:9987f3d31efc427ebf9926f703e5171552cfb3b6935f880e4f0d3a17b7f91540",
                "sha256:9f3e08dbd3f2f574913faba9b48d3c24a43fcc0eb14a0e962431005434b9cfe6",
                "sha256:a7a403bcea250cac37971058fca0c30b0144737a375f99d3855e5e7a34c43348",
                "sha256:ad7e4e823db1271d344e0c3ce0988b2e0fecc49079eec9c818d866c38b2824bd",
                "sha256:b1e9037a582e650d866324a50d2741724ea5f6c175200bef0b549d014898035a",
                "sha256:b82fbd8843ead2640158b2c0946d354b66f3d49472e6790d70c4ceec35663b3f",
                "sha256:b91c82bfd25145d428de99429de97d7a1c2c2658c212689fe2839b29a5251159",
                "sha256:ba57b73ec7074f60bb85f953296df437784d560553d0cc04b253c43f1846ccad",
                "sha256:c503802a81de18b8b4d40d069f5e363795ee44b1605f38bc104160ca3bfe2c41",
                "sha256:d30e8e0dffbc299533f47044fec26c5087473cb29cf51f1995986ac8354c7b4c",
                "sha256:d89b810bfb0e16a0de7f18773849bdf83dd7fd0614ae5225e5a9214cdb9be245",
                "sha256:e22e1d47def2944ad7a12c09452de085587ec5baad2174683e56a42b6918a76f",
                "sha256:f650ddc023c95681fccd5e297820f35de039e008265040c08188be95b3275a0f",
                "sha256:f7d4b3885ad1a7a6f07719ab6b1790d9892d6d41d973e8d4543a93bb15226fb4"
            ],
            "version": "==0.20.3"
        },
        "scipy": {
            "hashes": [
                "sha256:014cb900c003b5ac81a53f2403294e8ecf37aedc315b59a6b9370dce0aa7627a",
                "sha256:281a34da34a5e0de42d26aed692ab710141cad9d5d218b20643a9cb538ace976",
                "sha256:588f9cc4bfab04c45fbd19c1354b5ade377a8124d6151d511c83730a9b6b2338",
                "sha256:5a10661accd36b6e2e8855addcf3d675d6222006a15795420a39c040362def66",
                "sha256:628f60be272512ca1123524969649a8cb5ae8b31cca349f7c6f8903daf9034d7",
                "sha256:6dcc43a88e25b815c2dea1c6fac7339779fc988f5df8396e1de01610604a7c38",
                "sha256:70e37cec0ac0fe95c85b74ca4e0620169590fd5d3f44765f3c3a532cedb0e5fd",
                "sha256:7274735fb6fb5d67d3789ddec2cd53ed6362539b41aa6cc0d33a06c003aaa390",
                "sha256:78e12972e144da47326958ac40c2bd1c1cca908edc8b01c26a36f9ffd3dce466",
                "sha256:790cbd3c8d09f3a6d9c47c4558841e25bac34eb7a0864a9def8f26be0b8706af",
                "sha256:79792c8fe8e9d06ebc50fe23266522c8c89f20aa94ac8e80472917ecdce1e5ba",
                "sha256:865afedf35aaef6df6344bee0de391ee5e99d6e802950a237f9fb9b13e441f91",
                "sha256:870fd401ec7b64a895cff8e206ee16569158db00254b2f7157b4c9a5db72c722",
                "sha256:963815c226b29b0176d5e3d37fc9de46e2778ce4636a5a7af11a48122ef2577c",
                "sha256:9726791484f08e394af0b59eb80489ad94d0a53bbb58ab1837dcad4d58489863",
                "sha256:9de84a71bb7979aa8c089c4fb0ea0e2ed3917df3fb2a287a41aaea54bbad7f5d",
                "sha256:b2c324ddc5d6dbd3f13680ad16a29425841876a84a1de23a984236d1afff4fa6",
                "sha256:b86ae13c597fca087cb8c193870507c8916cefb21e52e1897da320b5a35075e5",
                "sha256:ba0488d4dbba2af5bf9596b849873102d612e49a118c512d9d302ceafa36e01a",
                "sha256:d78702af4102a3a4e23bb7372cec283e78f32f5573d92091aa6aaba870370fe1",
                "sha256:def0e5d681dd3eb562b059d355ae8bebe27f5cc455ab7c2b6655586b63d3a8ea",
                "sha256:e085d1babcb419bbe58e2e805ac61924dac4ca45a07c9fa081144739e500aa3c",
                "sha256:e2cfcbab37c082a5087aba5ff00209999053260441caadd4f0e8f4c2d6b72088",
                "sha256:e742f1f5dcaf222e8471c37ee3d1fd561568a16bb52e031c25674ff1cf9702d5",
                "sha256:f06819b028b8ef9010281e74c59cb35483933583043091ed6b261bb1540f11cc",
                "sha256:f15f2d60a11c306de7700ee9f65df7e9e463848dbea9c8051e293b704038da60",
                "sha256:f31338ee269d201abe76083a990905473987371ff6f3fdb76a3f9073a361cf37",
                "sha256:f6b88c8d302c3dac8dff7766955e38d670c82e0d79edfc7eae47d6bb2c186594"
            ],
            "version": "==1.2.1"
        },
        "singledispatch": {
            "hashes": [
                "sha256:5b06af87df13818d14f08a028e42f566640aef80805c3b50c5056b086e3c2b9c",
                "sha256:833b46966687b3de7f438c761ac475213e53b306740f1abfaa86e1d1aae56aa8"
            ],
            "version": "==3.4.0.3"
        },
        "six": {
            "hashes": [
                "sha256:3350809f0555b11f552448330d0b52d5f24c91a322ea4a15ef22629740f3761c",
                "sha256:d16a0141ec1a18405cd4ce8b4613101da75da0e9a7aec5bdd4fa804d0e0eba73"
            ],
            "version": "==1.12.0"
        },
        "sklearn": {
            "hashes": [
                "sha256:e23001573aa194b834122d2b9562459bf5ae494a2d59ca6b8aa22c85a44c0e31"
            ],
            "index": "pypi",
            "version": "==0.0"
        },
        "thrift": {
            "hashes": [
                "sha256:7d59ac4fdcb2c58037ebd4a9da5f9a49e3e034bf75b3f26d9fe48ba3d8806e6b"
            ],
            "version": "==0.11.0"
        }
    },
    "develop": {}
}
